// !$*UTF8*$!
{
	archiveVersion = 1;
	classes = {
	};
	objectVersion = 46;
	objects = {

/* Begin PBXBuildFile section */
		336098A81FC7457C00FCF841 /* EmotionsViewController.swift in Sources */ = {isa = PBXBuildFile; fileRef = 336098A71FC7457C00FCF841 /* EmotionsViewController.swift */; };
		336098AA1FC758BC00FCF841 /* PrimarySplitViewController.swift in Sources */ = {isa = PBXBuildFile; fileRef = 336098A91FC758BC00FCF841 /* PrimarySplitViewController.swift */; };
		8B237B9E1F9E2D480074E725 /* AppDelegate.swift in Sources */ = {isa = PBXBuildFile; fileRef = 8B237B9D1F9E2D480074E725 /* AppDelegate.swift */; };
		8B237BA01F9E2D480074E725 /* FaceViewController.swift in Sources */ = {isa = PBXBuildFile; fileRef = 8B237B9F1F9E2D480074E725 /* FaceViewController.swift */; };
		8B237BA31F9E2D480074E725 /* Main.storyboard in Resources */ = {isa = PBXBuildFile; fileRef = 8B237BA11F9E2D480074E725 /* Main.storyboard */; };
		8B237BA51F9E2D480074E725 /* Assets.xcassets in Resources */ = {isa = PBXBuildFile; fileRef = 8B237BA41F9E2D480074E725 /* Assets.xcassets */; };
		8B237BA81F9E2D480074E725 /* LaunchScreen.storyboard in Resources */ = {isa = PBXBuildFile; fileRef = 8B237BA61F9E2D480074E725 /* LaunchScreen.storyboard */; };
		8B237BB11F9E2DCA0074E725 /* FaceView.swift in Sources */ = {isa = PBXBuildFile; fileRef = 8B237BB01F9E2DCA0074E725 /* FaceView.swift */; };
		8B237BB31F9F72830074E725 /* FacialExpression.swift in Sources */ = {isa = PBXBuildFile; fileRef = 8B237BB21F9F72830074E725 /* FacialExpression.swift */; };
/* End PBXBuildFile section */

/* Begin PBXFileReference section */
		336098A71FC7457C00FCF841 /* EmotionsViewController.swift */ = {isa = PBXFileReference; lastKnownFileType = sourcecode.swift; path = EmotionsViewController.swift; sourceTree = "<group>"; };
		336098A91FC758BC00FCF841 /* PrimarySplitViewController.swift */ = {isa = PBXFileReference; lastKnownFileType = sourcecode.swift; path = PrimarySplitViewController.swift; sourceTree = "<group>"; };
		8B237B9A1F9E2D470074E725 /* Faceit.app */ = {isa = PBXFileReference; explicitFileType = wrapper.application; includeInIndex = 0; path = Faceit.app; sourceTree = BUILT_PRODUCTS_DIR; };
		8B237B9D1F9E2D480074E725 /* AppDelegate.swift */ = {isa = PBXFileReference; lastKnownFileType = sourcecode.swift; path = AppDelegate.swift; sourceTree = "<group>"; };
		8B237B9F1F9E2D480074E725 /* FaceViewController.swift */ = {isa = PBXFileReference; lastKnownFileType = sourcecode.swift; path = FaceViewController.swift; sourceTree = "<group>"; };
		8B237BA21F9E2D480074E725 /* Base */ = {isa = PBXFileReference; lastKnownFileType = file.storyboard; name = Base; path = Base.lproj/Main.storyboard; sourceTree = "<group>"; };
		8B237BA41F9E2D480074E725 /* Assets.xcassets */ = {isa = PBXFileReference; lastKnownFileType = folder.assetcatalog; path = Assets.xcassets; sourceTree = "<group>"; };
		8B237BA71F9E2D480074E725 /* Base */ = {isa = PBXFileReference; lastKnownFileType = file.storyboard; name = Base; path = Base.lproj/LaunchScreen.storyboard; sourceTree = "<group>"; };
		8B237BA91F9E2D480074E725 /* Info.plist */ = {isa = PBXFileReference; lastKnownFileType = text.plist.xml; path = Info.plist; sourceTree = "<group>"; };
		8B237BB01F9E2DCA0074E725 /* FaceView.swift */ = {isa = PBXFileReference; fileEncoding = 4; lastKnownFileType = sourcecode.swift; path = FaceView.swift; sourceTree = "<group>"; };
		8B237BB21F9F72830074E725 /* FacialExpression.swift */ = {isa = PBXFileReference; fileEncoding = 4; lastKnownFileType = sourcecode.swift; path = FacialExpression.swift; sourceTree = "<group>"; };
/* End PBXFileReference section */

/* Begin PBXFrameworksBuildPhase section */
		8B237B971F9E2D470074E725 /* Frameworks */ = {
			isa = PBXFrameworksBuildPhase;
			buildActionMask = 2147483647;
			files = (
			);
			runOnlyForDeploymentPostprocessing = 0;
		};
/* End PBXFrameworksBuildPhase section */

/* Begin PBXGroup section */
		8B237B911F9E2D470074E725 = {
			isa = PBXGroup;
			children = (
				8B237B9C1F9E2D470074E725 /* Faceit */,
				8B237B9B1F9E2D470074E725 /* Products */,
			);
			sourceTree = "<group>";
		};
		8B237B9B1F9E2D470074E725 /* Products */ = {
			isa = PBXGroup;
			children = (
				8B237B9A1F9E2D470074E725 /* Faceit.app */,
			);
			name = Products;
			sourceTree = "<group>";
		};
		8B237B9C1F9E2D470074E725 /* Faceit */ = {
			isa = PBXGroup;
			children = (
				8B237B9F1F9E2D480074E725 /* FaceViewController.swift */,
				8B237BB01F9E2DCA0074E725 /* FaceView.swift */,
				8B237BA11F9E2D480074E725 /* Main.storyboard */,
				8B237BB21F9F72830074E725 /* FacialExpression.swift */,
				336098A71FC7457C00FCF841 /* EmotionsViewController.swift */,
				8B237BAF1F9E2D630074E725 /* Supporting Files */,
				336098A91FC758BC00FCF841 /* PrimarySplitViewController.swift */,
			);
			path = Faceit;
			sourceTree = "<group>";
		};
		8B237BAF1F9E2D630074E725 /* Supporting Files */ = {
			isa = PBXGroup;
			children = (
				8B237B9D1F9E2D480074E725 /* AppDelegate.swift */,
				8B237BA41F9E2D480074E725 /* Assets.xcassets */,
				8B237BA61F9E2D480074E725 /* LaunchScreen.storyboard */,
				8B237BA91F9E2D480074E725 /* Info.plist */,
			);
			name = "Supporting Files";
			sourceTree = "<group>";
		};
/* End PBXGroup section */

/* Begin PBXNativeTarget section */
		8B237B991F9E2D470074E725 /* Faceit */ = {
			isa = PBXNativeTarget;
			buildConfigurationList = 8B237BAC1F9E2D480074E725 /* Build configuration list for PBXNativeTarget "Faceit" */;
			buildPhases = (
				8B237B961F9E2D470074E725 /* Sources */,
				8B237B971F9E2D470074E725 /* Frameworks */,
				8B237B981F9E2D470074E725 /* Resources */,
			);
			buildRules = (
			);
			dependencies = (
			);
			name = Faceit;
			productName = Faceit;
			productReference = 8B237B9A1F9E2D470074E725 /* Faceit.app */;
			productType = "com.apple.product-type.application";
		};
/* End PBXNativeTarget section */

/* Begin PBXProject section */
		8B237B921F9E2D470074E725 /* Project object */ = {
			isa = PBXProject;
			attributes = {
				LastSwiftUpdateCheck = 0830;
				LastUpgradeCheck = 0830;
				ORGANIZATIONNAME = CGI;
				TargetAttributes = {
					8B237B991F9E2D470074E725 = {
						CreatedOnToolsVersion = 8.3.3;
						DevelopmentTeam = NKF42T6RZQ;
						ProvisioningStyle = Automatic;
					};
				};
			};
			buildConfigurationList = 8B237B951F9E2D470074E725 /* Build configuration list for PBXProject "Faceit" */;
			compatibilityVersion = "Xcode 3.2";
			developmentRegion = English;
			hasScannedForEncodings = 0;
			knownRegions = (
				en,
				Base,
			);
			mainGroup = 8B237B911F9E2D470074E725;
			productRefGroup = 8B237B9B1F9E2D470074E725 /* Products */;
			projectDirPath = "";
			projectRoot = "";
			targets = (
				8B237B991F9E2D470074E725 /* Faceit */,
			);
		};
/* End PBXProject section */

/* Begin PBXResourcesBuildPhase section */
		8B237B981F9E2D470074E725 /* Resources */ = {
			isa = PBXResourcesBuildPhase;
			buildActionMask = 2147483647;
			files = (
				8B237BA81F9E2D480074E725 /* LaunchScreen.storyboard in Resources */,
				8B237BA51F9E2D480074E725 /* Assets.xcassets in Resources */,
				8B237BA31F9E2D480074E725 /* Main.storyboard in Resources */,
			);
			runOnlyForDeploymentPostprocessing = 0;
		};
/* End PBXResourcesBuildPhase section */

/* Begin PBXSourcesBuildPhase section */
		8B237B961F9E2D470074E725 /* Sources */ = {
			isa = PBXSourcesBuildPhase;
			buildActionMask = 2147483647;
			files = (
				336098AA1FC758BC00FCF841 /* PrimarySplitViewController.swift in Sources */,
				8B237BA01F9E2D480074E725 /* FaceViewController.swift in Sources */,
				8B237BB31F9F72830074E725 /* FacialExpression.swift in Sources */,
				336098A81FC7457C00FCF841 /* EmotionsViewController.swift in Sources */,
				8B237B9E1F9E2D480074E725 /* AppDelegate.swift in Sources */,
				8B237BB11F9E2DCA0074E725 /* FaceView.swift in Sources */,
			);
			runOnlyForDeploymentPostprocessing = 0;
		};
/* End PBXSourcesBuildPhase section */

/* Begin PBXVariantGroup section */
		8B237BA11F9E2D480074E725 /* Main.storyboard */ = {
			isa = PBXVariantGroup;
			children = (
				8B237BA21F9E2D480074E725 /* Base */,
			);
			name = Main.storyboard;
			sourceTree = "<group>";
		};
		8B237BA61F9E2D480074E725 /* LaunchScreen.storyboard */ = {
			isa = PBXVariantGroup;
			children = (
				8B237BA71F9E2D480074E725 /* Base */,
			);
			name = LaunchScreen.storyboard;
			sourceTree = "<group>";
		};
/* End PBXVariantGroup section */

/* Begin XCBuildConfiguration section */
		8B237BAA1F9E2D480074E725 /* Debug */ = {
			isa = XCBuildConfiguration;
			buildSettings = {
				ALWAYS_SEARCH_USER_PATHS = NO;
				CLANG_ANALYZER_NONNULL = YES;
				CLANG_ANALYZER_NUMBER_OBJECT_CONVERSION = YES_AGGRESSIVE;
				CLANG_CXX_LANGUAGE_STANDARD = "gnu++0x";
				CLANG_CXX_LIBRARY = "libc++";
				CLANG_ENABLE_MODULES = YES;
				CLANG_ENABLE_OBJC_ARC = YES;
				CLANG_WARN_BOOL_CONVERSION = YES;
				CLANG_WARN_CONSTANT_CONVERSION = YES;
				CLANG_WARN_DIRECT_OBJC_ISA_USAGE = YES_ERROR;
				CLANG_WARN_DOCUMENTATION_COMMENTS = YES;
				CLANG_WARN_EMPTY_BODY = YES;
				CLANG_WARN_ENUM_CONVERSION = YES;
				CLANG_WARN_INFINITE_RECURSION = YES;
				CLANG_WARN_INT_CONVERSION = YES;
				CLANG_WARN_OBJC_ROOT_CLASS = YES_ERROR;
				CLANG_WARN_SUSPICIOUS_MOVE = YES;
				CLANG_WARN_UNREACHABLE_CODE = YES;
				CLANG_WARN__DUPLICATE_METHOD_MATCH = YES;
				"CODE_SIGN_IDENTITY[sdk=iphoneos*]" = "iPhone Developer";
				COPY_PHASE_STRIP = NO;
				DEBUG_INFORMATION_FORMAT = dwarf;
				ENABLE_STRICT_OBJC_MSGSEND = YES;
				ENABLE_TESTABILITY = YES;
				GCC_C_LANGUAGE_STANDARD = gnu99;
				GCC_DYNAMIC_NO_PIC = NO;
				GCC_NO_COMMON_BLOCKS = YES;
				GCC_OPTIMIZATION_LEVEL = 0;
				GCC_PREPROCESSOR_DEFINITIONS = (
					"DEBUG=1",
					"$(inherited)",
				);
				GCC_WARN_64_TO_32_BIT_CONVERSION = YES;
				GCC_WARN_ABOUT_RETURN_TYPE = YES_ERROR;
				GCC_WARN_UNDECLARED_SELECTOR = YES;
				GCC_WARN_UNINITIALIZED_AUTOS = YES_AGGRESSIVE;
				GCC_WARN_UNUSED_FUNCTION = YES;
				GCC_WARN_UNUSED_VARIABLE = YES;
				IPHONEOS_DEPLOYMENT_TARGET = 10.3;
				MTL_ENABLE_DEBUG_INFO = YES;
				ONLY_ACTIVE_ARCH = YES;
				SDKROOT = iphoneos;
				SWIFT_ACTIVE_COMPILATION_CONDITIONS = DEBUG;
				SWIFT_OPTIMIZATION_LEVEL = "-Onone";
			};
			name = Debug;
		};
		8B237BAB1F9E2D480074E725 /* Release */ = {
			isa = XCBuildConfiguration;
			buildSettings = {
				ALWAYS_SEARCH_USER_PATHS = NO;
				CLANG_ANALYZER_NONNULL = YES;
				CLANG_ANALYZER_NUMBER_OBJECT_CONVERSION = YES_AGGRESSIVE;
				CLANG_CXX_LANGUAGE_STANDARD = "gnu++0x";
				CLANG_CXX_LIBRARY = "libc++";
				CLANG_ENABLE_MODULES = YES;
				CLANG_ENABLE_OBJC_ARC = YES;
				CLANG_WARN_BOOL_CONVERSION = YES;
				CLANG_WARN_CONSTANT_CONVERSION = YES;
				CLANG_WARN_DIRECT_OBJC_ISA_USAGE = YES_ERROR;
				CLANG_WARN_DOCUMENTATION_COMMENTS = YES;
				CLANG_WARN_EMPTY_BODY = YES;
				CLANG_WARN_ENUM_CONVERSION = YES;
				CLANG_WARN_INFINITE_RECURSION = YES;
				CLANG_WARN_INT_CONVERSION = YES;
				CLANG_WARN_OBJC_ROOT_CLASS = YES_ERROR;
				CLANG_WARN_SUSPICIOUS_MOVE = YES;
				CLANG_WARN_UNREACHABLE_CODE = YES;
				CLANG_WARN__DUPLICATE_METHOD_MATCH = YES;
				"CODE_SIGN_IDENTITY[sdk=iphoneos*]" = "iPhone Developer";
				COPY_PHASE_STRIP = NO;
				DEBUG_INFORMATION_FORMAT = "dwarf-with-dsym";
				ENABLE_NS_ASSERTIONS = NO;
				ENABLE_STRICT_OBJC_MSGSEND = YES;
				GCC_C_LANGUAGE_STANDARD = gnu99;
				GCC_NO_COMMON_BLOCKS = YES;
				GCC_WARN_64_TO_32_BIT_CONVERSION = YES;
				GCC_WARN_ABOUT_RETURN_TYPE = YES_ERROR;
				GCC_WARN_UNDECLARED_SELECTOR = YES;
				GCC_WARN_UNINITIALIZED_AUTOS = YES_AGGRESSIVE;
				GCC_WARN_UNUSED_FUNCTION = YES;
				GCC_WARN_UNUSED_VARIABLE = YES;
				IPHONEOS_DEPLOYMENT_TARGET = 10.3;
				MTL_ENABLE_DEBUG_INFO = NO;
				SDKROOT = iphoneos;
				SWIFT_OPTIMIZATION_LEVEL = "-Owholemodule";
				VALIDATE_PRODUCT = YES;
			};
			name = Release;
		};
		8B237BAD1F9E2D480074E725 /* Debug */ = {
			isa = XCBuildConfiguration;
			buildSettings = {
				ASSETCATALOG_COMPILER_APPICON_NAME = AppIcon;
				DEVELOPMENT_TEAM = NKF42T6RZQ;
				INFOPLIST_FILE = Faceit/Info.plist;
				LD_RUNPATH_SEARCH_PATHS = "$(inherited) @executable_path/Frameworks";
				PRODUCT_BUNDLE_IDENTIFIER = cgi.Faceit;
				PRODUCT_NAME = "$(TARGET_NAME)";
				SWIFT_VERSION = 3.0;
				TARGETED_DEVICE_FAMILY = "1,2";
			};
			name = Debug;
		};
		8B237BAE1F9E2D480074E725 /* Release */ = {
			isa = XCBuildConfiguration;
			buildSettings = {
				ASSETCATALOG_COMPILER_APPICON_NAME = AppIcon;
				DEVELOPMENT_TEAM = NKF42T6RZQ;
				INFOPLIST_FILE = Faceit/Info.plist;
				LD_RUNPATH_SEARCH_PATHS = "$(inherited) @executable_path/Frameworks";
				PRODUCT_BUNDLE_IDENTIFIER = cgi.Faceit;
				PRODUCT_NAME = "$(TARGET_NAME)";
				SWIFT_VERSION = 3.0;
				TARGETED_DEVICE_FAMILY = "1,2";
			};
			name = Release;
		};
/* End XCBuildConfiguration section */

/* Begin XCConfigurationList section */
		8B237B951F9E2D470074E725 /* Build configuration list for PBXProject "Faceit" */ = {
			isa = XCConfigurationList;
			buildConfigurations = (
				8B237BAA1F9E2D480074E725 /* Debug */,
				8B237BAB1F9E2D480074E725 /* Release */,
			);
			defaultConfigurationIsVisible = 0;
			defaultConfigurationName = Release;
		};
		8B237BAC1F9E2D480074E725 /* Build configuration list for PBXNativeTarget "Faceit" */ = {
			isa = XCConfigurationList;
			buildConfigurations = (
				8B237BAD1F9E2D480074E725 /* Debug */,
				8B237BAE1F9E2D480074E725 /* Release */,
			);
			defaultConfigurationIsVisible = 0;
			defaultConfigurationName = Release;
		};
/* End XCConfigurationList section */
	};
	rootObject = 8B237B921F9E2D470074E725 /* Project object */;
}
